
Microsoft Visual Studio Solution File, Format Version 12.00
# Visual Studio Version 16
VisualStudioVersion = 16.0.31410.357
MinimumVisualStudioVersion = 10.0.40219.1
Project("{FAE04EC0-301F-11D3-BF4B-00C04F79EFBC}") = "ABlogV1", "ABlogV1.csproj", "{CC156248-E68F-445B-BA42-9C5435AF5B72}"
EndProject
Global
	GlobalSection(SolutionConfigurationPlatforms) = preSolution
		Debug|Any CPU = Debug|Any CPU
		Release|Any CPU = Release|Any CPU
	EndGlobalSection
	GlobalSection(ProjectConfigurationPlatforms) = postSolution
		{CC156248-E68F-445B-BA42-9C5435AF5B72}.Debug|Any CPU.ActiveCfg = Debug|Any CPU
		{CC156248-E68F-445B-BA42-9C5435AF5B72}.Debug|Any CPU.Build.0 = Debug|Any CPU
		{CC156248-E68F-445B-BA42-9C5435AF5B72}.Release|Any CPU.ActiveCfg = Release|Any CPU
		{CC156248-E68F-445B-BA42-9C5435AF5B72}.Release|Any CPU.Build.0 = Release|Any CPU
	EndGlobalSection
	GlobalSection(SolutionProperties) = preSolution
		HideSolutionNode = FALSE
	EndGlobalSection
	GlobalSection(ExtensibilityGlobals) = postSolution
		SolutionGuid = {46513195-CD42-4E21-99E1-73D9637B5D84}
	EndGlobalSection
EndGlobal
